
Microsoft Visual Studio Solution File, Format Version 12.00
Project("{FAE04EC0-301F-11D3-BF4B-00C04F79EFBC}") = "TodoApp", "TodoApp\TodoApp.csproj", "{F66D6BDD-8D44-4429-8410-019228C73D6A}"
EndProject
Project("{FAE04EC0-301F-11D3-BF4B-00C04F79EFBC}") = "TodoApp.IntegrationTests", "TodoApp.IntegrationTests\TodoApp.IntegrationTests.csproj", "{E9C163D1-819A-4C6E-A508-B3D972C8CB0C}"
EndProject
Project("{2150E333-8FDC-42A3-9474-1A3956D46DE8}") = "devops", "devops", "{75D585EA-0B65-48B6-B71D-D3B77330CFA1}"
	ProjectSection(SolutionItems) = preProject
		.gitignore = .gitignore
		generated\openapi.json = generated\openapi.json
		..\..\.github\workflows\dotnet.yml = ..\..\.github\workflows\dotnet.yml
		Dockerfile = Dockerfile
	EndProjectSection
EndProject
Global
	GlobalSection(SolutionConfigurationPlatforms) = preSolution
		Debug|Any CPU = Debug|Any CPU
		Release|Any CPU = Release|Any CPU
	EndGlobalSection
	GlobalSection(ProjectConfigurationPlatforms) = postSolution
		{F66D6BDD-8D44-4429-8410-019228C73D6A}.Debug|Any CPU.ActiveCfg = Debug|Any CPU
		{F66D6BDD-8D44-4429-8410-019228C73D6A}.Debug|Any CPU.Build.0 = Debug|Any CPU
		{F66D6BDD-8D44-4429-8410-019228C73D6A}.Release|Any CPU.ActiveCfg = Release|Any CPU
		{F66D6BDD-8D44-4429-8410-019228C73D6A}.Release|Any CPU.Build.0 = Release|Any CPU
		{E9C163D1-819A-4C6E-A508-B3D972C8CB0C}.Debug|Any CPU.ActiveCfg = Debug|Any CPU
		{E9C163D1-819A-4C6E-A508-B3D972C8CB0C}.Debug|Any CPU.Build.0 = Debug|Any CPU
		{E9C163D1-819A-4C6E-A508-B3D972C8CB0C}.Release|Any CPU.ActiveCfg = Release|Any CPU
		{E9C163D1-819A-4C6E-A508-B3D972C8CB0C}.Release|Any CPU.Build.0 = Release|Any CPU
	EndGlobalSection
EndGlobal
